// !$*UTF8*$!
{
	archiveVersion = 1;
	classes = {
	};
	objectVersion = 50;
	objects = {

/* Begin PBXBuildFile section */
		9010DDA22360558400D62D53 /* APIClientTests.swift in Sources */ = {isa = PBXBuildFile; fileRef = 9010DDA12360558400D62D53 /* APIClientTests.swift */; };
		9010DDA4236055EE00D62D53 /* APIClient.swift in Sources */ = {isa = PBXBuildFile; fileRef = 9010DDA3236055EE00D62D53 /* APIClient.swift */; };
		901C4680234FEF1200C28DF8 /* AppDelegate.swift in Sources */ = {isa = PBXBuildFile; fileRef = 901C467F234FEF1200C28DF8 /* AppDelegate.swift */; };
		901C4687234FEF1200C28DF8 /* Main.storyboard in Resources */ = {isa = PBXBuildFile; fileRef = 901C4685234FEF1200C28DF8 /* Main.storyboard */; };
		901C4689234FEF1500C28DF8 /* Assets.xcassets in Resources */ = {isa = PBXBuildFile; fileRef = 901C4688234FEF1500C28DF8 /* Assets.xcassets */; };
		901C468C234FEF1500C28DF8 /* LaunchScreen.storyboard in Resources */ = {isa = PBXBuildFile; fileRef = 901C468A234FEF1500C28DF8 /* LaunchScreen.storyboard */; };
		901C46A2234FF14600C28DF8 /* ToDoItemTests.swift in Sources */ = {isa = PBXBuildFile; fileRef = 901C46A1234FF14600C28DF8 /* ToDoItemTests.swift */; };
		901C46A6234FF26E00C28DF8 /* ToDoItem.swift in Sources */ = {isa = PBXBuildFile; fileRef = 901C46A5234FF26E00C28DF8 /* ToDoItem.swift */; };
		901C46A8234FF64E00C28DF8 /* Location.swift in Sources */ = {isa = PBXBuildFile; fileRef = 901C46A7234FF64E00C28DF8 /* Location.swift */; };
		901C46AC234FF71600C28DF8 /* LocationTests.swift in Sources */ = {isa = PBXBuildFile; fileRef = 901C46AB234FF71600C28DF8 /* LocationTests.swift */; };
		901C46AE234FF97900C28DF8 /* ItemManagerTests.swift in Sources */ = {isa = PBXBuildFile; fileRef = 901C46AD234FF97900C28DF8 /* ItemManagerTests.swift */; };
		901C46B0234FF9EC00C28DF8 /* ItemManager.swift in Sources */ = {isa = PBXBuildFile; fileRef = 901C46AF234FF9EC00C28DF8 /* ItemManager.swift */; };
		9064F59223592A7100F43F70 /* ItemCell.swift in Sources */ = {isa = PBXBuildFile; fileRef = 9064F59123592A7100F43F70 /* ItemCell.swift */; };
		906C27CA23536098008F8282 /* ItemListViewControllerTests.swift in Sources */ = {isa = PBXBuildFile; fileRef = 906C27C923536098008F8282 /* ItemListViewControllerTests.swift */; };
		906C27CD23536126008F8282 /* ItemListViewController.swift in Sources */ = {isa = PBXBuildFile; fileRef = 906C27CC23536126008F8282 /* ItemListViewController.swift */; };
		906C27D023536BD5008F8282 /* ItemListDataProvider.swift in Sources */ = {isa = PBXBuildFile; fileRef = 906C27CF23536BD5008F8282 /* ItemListDataProvider.swift */; };
		906C27D223536EC5008F8282 /* ItemListDataProviderTests.swift in Sources */ = {isa = PBXBuildFile; fileRef = 906C27D123536EC5008F8282 /* ItemListDataProviderTests.swift */; };
		90AA6B01236838C20049A951 /* ToDoUITests.swift in Sources */ = {isa = PBXBuildFile; fileRef = 90AA6B00236838C20049A951 /* ToDoUITests.swift */; };
		90C20116235F001F00105B76 /* InputViewControllerTests.swift in Sources */ = {isa = PBXBuildFile; fileRef = 90C20115235F001F00105B76 /* InputViewControllerTests.swift */; };
		90C20118235F00C400105B76 /* InputViewController.swift in Sources */ = {isa = PBXBuildFile; fileRef = 90C20117235F00C400105B76 /* InputViewController.swift */; };
		90C4EF89235CB891001FCBF8 /* DetailViewControllerTests.swift in Sources */ = {isa = PBXBuildFile; fileRef = 90C4EF88235CB891001FCBF8 /* DetailViewControllerTests.swift */; };
		90C4EF8B235CBAF6001FCBF8 /* DetailViewController.swift in Sources */ = {isa = PBXBuildFile; fileRef = 90C4EF8A235CBAF6001FCBF8 /* DetailViewController.swift */; };
		90F2EA3E23611B8800813B63 /* KeychainAccessible.swift in Sources */ = {isa = PBXBuildFile; fileRef = 90F2EA3D23611B8800813B63 /* KeychainAccessible.swift */; };
		90F3762823626F06003392FD /* StoryboardTests.swift in Sources */ = {isa = PBXBuildFile; fileRef = 90F3762723626F06003392FD /* StoryboardTests.swift */; };
		90F70887235AA49E00DE3849 /* ItemCellTests.swift in Sources */ = {isa = PBXBuildFile; fileRef = 90F70886235AA49E00DE3849 /* ItemCellTests.swift */; };
/* End PBXBuildFile section */

/* Begin PBXContainerItemProxy section */
		901C4693234FEF1500C28DF8 /* PBXContainerItemProxy */ = {
			isa = PBXContainerItemProxy;
			containerPortal = 901C4674234FEF1200C28DF8 /* Project object */;
			proxyType = 1;
			remoteGlobalIDString = 901C467B234FEF1200C28DF8;
			remoteInfo = ToDo;
		};
		90AA6B03236838C20049A951 /* PBXContainerItemProxy */ = {
			isa = PBXContainerItemProxy;
			containerPortal = 901C4674234FEF1200C28DF8 /* Project object */;
			proxyType = 1;
			remoteGlobalIDString = 901C467B234FEF1200C28DF8;
			remoteInfo = ToDo;
		};
/* End PBXContainerItemProxy section */

/* Begin PBXFileReference section */
		9010DDA12360558400D62D53 /* APIClientTests.swift */ = {isa = PBXFileReference; lastKnownFileType = sourcecode.swift; path = APIClientTests.swift; sourceTree = "<group>"; };
		9010DDA3236055EE00D62D53 /* APIClient.swift */ = {isa = PBXFileReference; lastKnownFileType = sourcecode.swift; path = APIClient.swift; sourceTree = "<group>"; };
		901C467C234FEF1200C28DF8 /* ToDo.app */ = {isa = PBXFileReference; explicitFileType = wrapper.application; includeInIndex = 0; path = ToDo.app; sourceTree = BUILT_PRODUCTS_DIR; };
		901C467F234FEF1200C28DF8 /* AppDelegate.swift */ = {isa = PBXFileReference; lastKnownFileType = sourcecode.swift; path = AppDelegate.swift; sourceTree = "<group>"; };
		901C4686234FEF1200C28DF8 /* Base */ = {isa = PBXFileReference; lastKnownFileType = file.storyboard; name = Base; path = Base.lproj/Main.storyboard; sourceTree = "<group>"; };
		901C4688234FEF1500C28DF8 /* Assets.xcassets */ = {isa = PBXFileReference; lastKnownFileType = folder.assetcatalog; path = Assets.xcassets; sourceTree = "<group>"; };
		901C468B234FEF1500C28DF8 /* Base */ = {isa = PBXFileReference; lastKnownFileType = file.storyboard; name = Base; path = Base.lproj/LaunchScreen.storyboard; sourceTree = "<group>"; };
		901C468D234FEF1500C28DF8 /* Info.plist */ = {isa = PBXFileReference; lastKnownFileType = text.plist.xml; path = Info.plist; sourceTree = "<group>"; };
		901C4692234FEF1500C28DF8 /* ToDoTests.xctest */ = {isa = PBXFileReference; explicitFileType = wrapper.cfbundle; includeInIndex = 0; path = ToDoTests.xctest; sourceTree = BUILT_PRODUCTS_DIR; };
		901C4698234FEF1500C28DF8 /* Info.plist */ = {isa = PBXFileReference; lastKnownFileType = text.plist.xml; path = Info.plist; sourceTree = "<group>"; };
		901C46A1234FF14600C28DF8 /* ToDoItemTests.swift */ = {isa = PBXFileReference; lastKnownFileType = sourcecode.swift; path = ToDoItemTests.swift; sourceTree = "<group>"; };
		901C46A5234FF26E00C28DF8 /* ToDoItem.swift */ = {isa = PBXFileReference; lastKnownFileType = sourcecode.swift; path = ToDoItem.swift; sourceTree = "<group>"; };
		901C46A7234FF64E00C28DF8 /* Location.swift */ = {isa = PBXFileReference; lastKnownFileType = sourcecode.swift; path = Location.swift; sourceTree = "<group>"; };
		901C46AB234FF71600C28DF8 /* LocationTests.swift */ = {isa = PBXFileReference; lastKnownFileType = sourcecode.swift; path = LocationTests.swift; sourceTree = "<group>"; };
		901C46AD234FF97900C28DF8 /* ItemManagerTests.swift */ = {isa = PBXFileReference; lastKnownFileType = sourcecode.swift; path = ItemManagerTests.swift; sourceTree = "<group>"; };
		901C46AF234FF9EC00C28DF8 /* ItemManager.swift */ = {isa = PBXFileReference; lastKnownFileType = sourcecode.swift; path = ItemManager.swift; sourceTree = "<group>"; };
		9064F59123592A7100F43F70 /* ItemCell.swift */ = {isa = PBXFileReference; lastKnownFileType = sourcecode.swift; path = ItemCell.swift; sourceTree = "<group>"; };
		906C27C923536098008F8282 /* ItemListViewControllerTests.swift */ = {isa = PBXFileReference; lastKnownFileType = sourcecode.swift; path = ItemListViewControllerTests.swift; sourceTree = "<group>"; };
		906C27CC23536126008F8282 /* ItemListViewController.swift */ = {isa = PBXFileReference; lastKnownFileType = sourcecode.swift; path = ItemListViewController.swift; sourceTree = "<group>"; };
		906C27CF23536BD5008F8282 /* ItemListDataProvider.swift */ = {isa = PBXFileReference; lastKnownFileType = sourcecode.swift; path = ItemListDataProvider.swift; sourceTree = "<group>"; };
		906C27D123536EC5008F8282 /* ItemListDataProviderTests.swift */ = {isa = PBXFileReference; lastKnownFileType = sourcecode.swift; path = ItemListDataProviderTests.swift; sourceTree = "<group>"; };
		90AA6AFE236838C20049A951 /* ToDoUITests.xctest */ = {isa = PBXFileReference; explicitFileType = wrapper.cfbundle; includeInIndex = 0; path = ToDoUITests.xctest; sourceTree = BUILT_PRODUCTS_DIR; };
		90AA6B00236838C20049A951 /* ToDoUITests.swift */ = {isa = PBXFileReference; lastKnownFileType = sourcecode.swift; path = ToDoUITests.swift; sourceTree = "<group>"; };
		90AA6B02236838C20049A951 /* Info.plist */ = {isa = PBXFileReference; lastKnownFileType = text.plist.xml; path = Info.plist; sourceTree = "<group>"; };
		90C20115235F001F00105B76 /* InputViewControllerTests.swift */ = {isa = PBXFileReference; lastKnownFileType = sourcecode.swift; path = InputViewControllerTests.swift; sourceTree = "<group>"; };
		90C20117235F00C400105B76 /* InputViewController.swift */ = {isa = PBXFileReference; lastKnownFileType = sourcecode.swift; path = InputViewController.swift; sourceTree = "<group>"; };
		90C4EF88235CB891001FCBF8 /* DetailViewControllerTests.swift */ = {isa = PBXFileReference; lastKnownFileType = sourcecode.swift; path = DetailViewControllerTests.swift; sourceTree = "<group>"; };
		90C4EF8A235CBAF6001FCBF8 /* DetailViewController.swift */ = {isa = PBXFileReference; lastKnownFileType = sourcecode.swift; path = DetailViewController.swift; sourceTree = "<group>"; };
		90F2EA3D23611B8800813B63 /* KeychainAccessible.swift */ = {isa = PBXFileReference; lastKnownFileType = sourcecode.swift; path = KeychainAccessible.swift; sourceTree = "<group>"; };
		90F3762723626F06003392FD /* StoryboardTests.swift */ = {isa = PBXFileReference; lastKnownFileType = sourcecode.swift; path = StoryboardTests.swift; sourceTree = "<group>"; };
		90F70886235AA49E00DE3849 /* ItemCellTests.swift */ = {isa = PBXFileReference; lastKnownFileType = sourcecode.swift; path = ItemCellTests.swift; sourceTree = "<group>"; };
/* End PBXFileReference section */

/* Begin PBXFrameworksBuildPhase section */
		901C4679234FEF1200C28DF8 /* Frameworks */ = {
			isa = PBXFrameworksBuildPhase;
			buildActionMask = 2147483647;
			files = (
			);
			runOnlyForDeploymentPostprocessing = 0;
		};
		901C468F234FEF1500C28DF8 /* Frameworks */ = {
			isa = PBXFrameworksBuildPhase;
			buildActionMask = 2147483647;
			files = (
			);
			runOnlyForDeploymentPostprocessing = 0;
		};
		90AA6AFB236838C20049A951 /* Frameworks */ = {
			isa = PBXFrameworksBuildPhase;
			buildActionMask = 2147483647;
			files = (
			);
			runOnlyForDeploymentPostprocessing = 0;
		};
/* End PBXFrameworksBuildPhase section */

/* Begin PBXGroup section */
		901C4673234FEF1200C28DF8 = {
			isa = PBXGroup;
			children = (
				901C467E234FEF1200C28DF8 /* ToDo */,
				901C4695234FEF1500C28DF8 /* ToDoTests */,
				90AA6AFF236838C20049A951 /* ToDoUITests */,
				901C467D234FEF1200C28DF8 /* Products */,
			);
			sourceTree = "<group>";
		};
		901C467D234FEF1200C28DF8 /* Products */ = {
			isa = PBXGroup;
			children = (
				901C467C234FEF1200C28DF8 /* ToDo.app */,
				901C4692234FEF1500C28DF8 /* ToDoTests.xctest */,
				90AA6AFE236838C20049A951 /* ToDoUITests.xctest */,
			);
			name = Products;
			sourceTree = "<group>";
		};
		901C467E234FEF1200C28DF8 /* ToDo */ = {
			isa = PBXGroup;
			children = (
				901C46A4234FF26100C28DF8 /* Model */,
				901C467F234FEF1200C28DF8 /* AppDelegate.swift */,
				901C4685234FEF1200C28DF8 /* Main.storyboard */,
				901C4688234FEF1500C28DF8 /* Assets.xcassets */,
				901C468A234FEF1500C28DF8 /* LaunchScreen.storyboard */,
				901C468D234FEF1500C28DF8 /* Info.plist */,
				90B98EFC235FC9C000473B01 /* Cell */,
				906C27CE2353612F008F8282 /* Controller */,
				9010DDA3236055EE00D62D53 /* APIClient.swift */,
				90F2EA3D23611B8800813B63 /* KeychainAccessible.swift */,
			);
			path = ToDo;
			sourceTree = "<group>";
		};
		901C4695234FEF1500C28DF8 /* ToDoTests */ = {
			isa = PBXGroup;
			children = (
				901C46A3234FF16800C28DF8 /* Model */,
				901C4698234FEF1500C28DF8 /* Info.plist */,
				90B98EFD235FC9CA00473B01 /* Cell */,
				906C27CB235360A5008F8282 /* Controller */,
				9010DDA12360558400D62D53 /* APIClientTests.swift */,
				90F3762723626F06003392FD /* StoryboardTests.swift */,
			);
			path = ToDoTests;
			sourceTree = "<group>";
		};
		901C46A3234FF16800C28DF8 /* Model */ = {
			isa = PBXGroup;
			children = (
				901C46A1234FF14600C28DF8 /* ToDoItemTests.swift */,
				901C46AB234FF71600C28DF8 /* LocationTests.swift */,
				901C46AD234FF97900C28DF8 /* ItemManagerTests.swift */,
			);
			path = Model;
			sourceTree = "<group>";
		};
		901C46A4234FF26100C28DF8 /* Model */ = {
			isa = PBXGroup;
			children = (
				901C46A5234FF26E00C28DF8 /* ToDoItem.swift */,
				901C46AF234FF9EC00C28DF8 /* ItemManager.swift */,
				901C46A7234FF64E00C28DF8 /* Location.swift */,
			);
			path = Model;
			sourceTree = "<group>";
		};
		906C27CB235360A5008F8282 /* Controller */ = {
			isa = PBXGroup;
			children = (
				906C27C923536098008F8282 /* ItemListViewControllerTests.swift */,
				906C27D123536EC5008F8282 /* ItemListDataProviderTests.swift */,
				90C4EF88235CB891001FCBF8 /* DetailViewControllerTests.swift */,
				90C20115235F001F00105B76 /* InputViewControllerTests.swift */,
			);
			path = Controller;
			sourceTree = "<group>";
		};
		906C27CE2353612F008F8282 /* Controller */ = {
			isa = PBXGroup;
			children = (
				906C27CC23536126008F8282 /* ItemListViewController.swift */,
				90C4EF8A235CBAF6001FCBF8 /* DetailViewController.swift */,
				90C20117235F00C400105B76 /* InputViewController.swift */,
				906C27CF23536BD5008F8282 /* ItemListDataProvider.swift */,
			);
			path = Controller;
			sourceTree = "<group>";
		};
		90AA6AFF236838C20049A951 /* ToDoUITests */ = {
			isa = PBXGroup;
			children = (
				90AA6B00236838C20049A951 /* ToDoUITests.swift */,
				90AA6B02236838C20049A951 /* Info.plist */,
			);
			path = ToDoUITests;
			sourceTree = "<group>";
		};
		90B98EFC235FC9C000473B01 /* Cell */ = {
			isa = PBXGroup;
			children = (
				9064F59123592A7100F43F70 /* ItemCell.swift */,
			);
			path = Cell;
			sourceTree = "<group>";
		};
		90B98EFD235FC9CA00473B01 /* Cell */ = {
			isa = PBXGroup;
			children = (
				90F70886235AA49E00DE3849 /* ItemCellTests.swift */,
			);
			path = Cell;
			sourceTree = "<group>";
		};
/* End PBXGroup section */

/* Begin PBXNativeTarget section */
		901C467B234FEF1200C28DF8 /* ToDo */ = {
			isa = PBXNativeTarget;
			buildConfigurationList = 901C469B234FEF1500C28DF8 /* Build configuration list for PBXNativeTarget "ToDo" */;
			buildPhases = (
				901C4678234FEF1200C28DF8 /* Sources */,
				901C4679234FEF1200C28DF8 /* Frameworks */,
				901C467A234FEF1200C28DF8 /* Resources */,
			);
			buildRules = (
			);
			dependencies = (
			);
			name = ToDo;
			productName = ToDo;
			productReference = 901C467C234FEF1200C28DF8 /* ToDo.app */;
			productType = "com.apple.product-type.application";
		};
		901C4691234FEF1500C28DF8 /* ToDoTests */ = {
			isa = PBXNativeTarget;
			buildConfigurationList = 901C469E234FEF1500C28DF8 /* Build configuration list for PBXNativeTarget "ToDoTests" */;
			buildPhases = (
				901C468E234FEF1500C28DF8 /* Sources */,
				901C468F234FEF1500C28DF8 /* Frameworks */,
				901C4690234FEF1500C28DF8 /* Resources */,
			);
			buildRules = (
			);
			dependencies = (
				901C4694234FEF1500C28DF8 /* PBXTargetDependency */,
			);
			name = ToDoTests;
			productName = ToDoTests;
			productReference = 901C4692234FEF1500C28DF8 /* ToDoTests.xctest */;
			productType = "com.apple.product-type.bundle.unit-test";
		};
		90AA6AFD236838C20049A951 /* ToDoUITests */ = {
			isa = PBXNativeTarget;
			buildConfigurationList = 90AA6B07236838C20049A951 /* Build configuration list for PBXNativeTarget "ToDoUITests" */;
			buildPhases = (
				90AA6AFA236838C20049A951 /* Sources */,
				90AA6AFB236838C20049A951 /* Frameworks */,
				90AA6AFC236838C20049A951 /* Resources */,
			);
			buildRules = (
			);
			dependencies = (
				90AA6B04236838C20049A951 /* PBXTargetDependency */,
			);
			name = ToDoUITests;
			productName = ToDoUITests;
			productReference = 90AA6AFE236838C20049A951 /* ToDoUITests.xctest */;
			productType = "com.apple.product-type.bundle.ui-testing";
		};
/* End PBXNativeTarget section */

/* Begin PBXProject section */
		901C4674234FEF1200C28DF8 /* Project object */ = {
			isa = PBXProject;
			attributes = {
				LastSwiftUpdateCheck = 1110;
				LastUpgradeCheck = 1110;
				ORGANIZATIONNAME = "Cesar Paiva";
				TargetAttributes = {
					901C467B234FEF1200C28DF8 = {
						CreatedOnToolsVersion = 11.1;
					};
					901C4691234FEF1500C28DF8 = {
						CreatedOnToolsVersion = 11.1;
						TestTargetID = 901C467B234FEF1200C28DF8;
					};
					90AA6AFD236838C20049A951 = {
						CreatedOnToolsVersion = 11.1;
						TestTargetID = 901C467B234FEF1200C28DF8;
					};
				};
			};
			buildConfigurationList = 901C4677234FEF1200C28DF8 /* Build configuration list for PBXProject "ToDo" */;
			compatibilityVersion = "Xcode 9.3";
			developmentRegion = en;
			hasScannedForEncodings = 0;
			knownRegions = (
				en,
				Base,
			);
			mainGroup = 901C4673234FEF1200C28DF8;
			productRefGroup = 901C467D234FEF1200C28DF8 /* Products */;
			projectDirPath = "";
			projectRoot = "";
			targets = (
				901C467B234FEF1200C28DF8 /* ToDo */,
				901C4691234FEF1500C28DF8 /* ToDoTests */,
				90AA6AFD236838C20049A951 /* ToDoUITests */,
			);
		};
/* End PBXProject section */

/* Begin PBXResourcesBuildPhase section */
		901C467A234FEF1200C28DF8 /* Resources */ = {
			isa = PBXResourcesBuildPhase;
			buildActionMask = 2147483647;
			files = (
				901C468C234FEF1500C28DF8 /* LaunchScreen.storyboard in Resources */,
				901C4689234FEF1500C28DF8 /* Assets.xcassets in Resources */,
				901C4687234FEF1200C28DF8 /* Main.storyboard in Resources */,
			);
			runOnlyForDeploymentPostprocessing = 0;
		};
		901C4690234FEF1500C28DF8 /* Resources */ = {
			isa = PBXResourcesBuildPhase;
			buildActionMask = 2147483647;
			files = (
			);
			runOnlyForDeploymentPostprocessing = 0;
		};
		90AA6AFC236838C20049A951 /* Resources */ = {
			isa = PBXResourcesBuildPhase;
			buildActionMask = 2147483647;
			files = (
			);
			runOnlyForDeploymentPostprocessing = 0;
		};
/* End PBXResourcesBuildPhase section */

/* Begin PBXSourcesBuildPhase section */
		901C4678234FEF1200C28DF8 /* Sources */ = {
			isa = PBXSourcesBuildPhase;
			buildActionMask = 2147483647;
			files = (
				90C4EF8B235CBAF6001FCBF8 /* DetailViewController.swift in Sources */,
				90F2EA3E23611B8800813B63 /* KeychainAccessible.swift in Sources */,
				90C20118235F00C400105B76 /* InputViewController.swift in Sources */,
				9064F59223592A7100F43F70 /* ItemCell.swift in Sources */,
				906C27CD23536126008F8282 /* ItemListViewController.swift in Sources */,
				906C27D023536BD5008F8282 /* ItemListDataProvider.swift in Sources */,
				9010DDA4236055EE00D62D53 /* APIClient.swift in Sources */,
				901C4680234FEF1200C28DF8 /* AppDelegate.swift in Sources */,
				901C46A8234FF64E00C28DF8 /* Location.swift in Sources */,
				901C46A6234FF26E00C28DF8 /* ToDoItem.swift in Sources */,
				901C46B0234FF9EC00C28DF8 /* ItemManager.swift in Sources */,
			);
			runOnlyForDeploymentPostprocessing = 0;
		};
		901C468E234FEF1500C28DF8 /* Sources */ = {
			isa = PBXSourcesBuildPhase;
			buildActionMask = 2147483647;
			files = (
				90F70887235AA49E00DE3849 /* ItemCellTests.swift in Sources */,
				906C27D223536EC5008F8282 /* ItemListDataProviderTests.swift in Sources */,
				901C46AE234FF97900C28DF8 /* ItemManagerTests.swift in Sources */,
				90C20116235F001F00105B76 /* InputViewControllerTests.swift in Sources */,
				901C46AC234FF71600C28DF8 /* LocationTests.swift in Sources */,
				90C4EF89235CB891001FCBF8 /* DetailViewControllerTests.swift in Sources */,
				90F3762823626F06003392FD /* StoryboardTests.swift in Sources */,
				9010DDA22360558400D62D53 /* APIClientTests.swift in Sources */,
				901C46A2234FF14600C28DF8 /* ToDoItemTests.swift in Sources */,
				906C27CA23536098008F8282 /* ItemListViewControllerTests.swift in Sources */,
			);
			runOnlyForDeploymentPostprocessing = 0;
		};
		90AA6AFA236838C20049A951 /* Sources */ = {
			isa = PBXSourcesBuildPhase;
			buildActionMask = 2147483647;
			files = (
				90AA6B01236838C20049A951 /* ToDoUITests.swift in Sources */,
			);
			runOnlyForDeploymentPostprocessing = 0;
		};
/* End PBXSourcesBuildPhase section */

/* Begin PBXTargetDependency section */
		901C4694234FEF1500C28DF8 /* PBXTargetDependency */ = {
			isa = PBXTargetDependency;
			target = 901C467B234FEF1200C28DF8 /* ToDo */;
			targetProxy = 901C4693234FEF1500C28DF8 /* PBXContainerItemProxy */;
		};
		90AA6B04236838C20049A951 /* PBXTargetDependency */ = {
			isa = PBXTargetDependency;
			target = 901C467B234FEF1200C28DF8 /* ToDo */;
			targetProxy = 90AA6B03236838C20049A951 /* PBXContainerItemProxy */;
		};
/* End PBXTargetDependency section */

/* Begin PBXVariantGroup section */
		901C4685234FEF1200C28DF8 /* Main.storyboard */ = {
			isa = PBXVariantGroup;
			children = (
				901C4686234FEF1200C28DF8 /* Base */,
			);
			name = Main.storyboard;
			sourceTree = "<group>";
		};
		901C468A234FEF1500C28DF8 /* LaunchScreen.storyboard */ = {
			isa = PBXVariantGroup;
			children = (
				901C468B234FEF1500C28DF8 /* Base */,
			);
			name = LaunchScreen.storyboard;
			sourceTree = "<group>";
		};
/* End PBXVariantGroup section */

/* Begin XCBuildConfiguration section */
		901C4699234FEF1500C28DF8 /* Debug */ = {
			isa = XCBuildConfiguration;
			buildSettings = {
				ALWAYS_SEARCH_USER_PATHS = NO;
				CLANG_ANALYZER_NONNULL = YES;
				CLANG_ANALYZER_NUMBER_OBJECT_CONVERSION = YES_AGGRESSIVE;
				CLANG_CXX_LANGUAGE_STANDARD = "gnu++14";
				CLANG_CXX_LIBRARY = "libc++";
				CLANG_ENABLE_MODULES = YES;
				CLANG_ENABLE_OBJC_ARC = YES;
				CLANG_ENABLE_OBJC_WEAK = YES;
				CLANG_WARN_BLOCK_CAPTURE_AUTORELEASING = YES;
				CLANG_WARN_BOOL_CONVERSION = YES;
				CLANG_WARN_COMMA = YES;
				CLANG_WARN_CONSTANT_CONVERSION = YES;
				CLANG_WARN_DEPRECATED_OBJC_IMPLEMENTATIONS = YES;
				CLANG_WARN_DIRECT_OBJC_ISA_USAGE = YES_ERROR;
				CLANG_WARN_DOCUMENTATION_COMMENTS = YES;
				CLANG_WARN_EMPTY_BODY = YES;
				CLANG_WARN_ENUM_CONVERSION = YES;
				CLANG_WARN_INFINITE_RECURSION = YES;
				CLANG_WARN_INT_CONVERSION = YES;
				CLANG_WARN_NON_LITERAL_NULL_CONVERSION = YES;
				CLANG_WARN_OBJC_IMPLICIT_RETAIN_SELF = YES;
				CLANG_WARN_OBJC_LITERAL_CONVERSION = YES;
				CLANG_WARN_OBJC_ROOT_CLASS = YES_ERROR;
				CLANG_WARN_RANGE_LOOP_ANALYSIS = YES;
				CLANG_WARN_STRICT_PROTOTYPES = YES;
				CLANG_WARN_SUSPICIOUS_MOVE = YES;
				CLANG_WARN_UNGUARDED_AVAILABILITY = YES_AGGRESSIVE;
				CLANG_WARN_UNREACHABLE_CODE = YES;
				CLANG_WARN__DUPLICATE_METHOD_MATCH = YES;
				COPY_PHASE_STRIP = NO;
				DEBUG_INFORMATION_FORMAT = dwarf;
				ENABLE_STRICT_OBJC_MSGSEND = YES;
				ENABLE_TESTABILITY = YES;
				GCC_C_LANGUAGE_STANDARD = gnu11;
				GCC_DYNAMIC_NO_PIC = NO;
				GCC_NO_COMMON_BLOCKS = YES;
				GCC_OPTIMIZATION_LEVEL = 0;
				GCC_PREPROCESSOR_DEFINITIONS = (
					"DEBUG=1",
					"$(inherited)",
				);
				GCC_WARN_64_TO_32_BIT_CONVERSION = YES;
				GCC_WARN_ABOUT_RETURN_TYPE = YES_ERROR;
				GCC_WARN_UNDECLARED_SELECTOR = YES;
				GCC_WARN_UNINITIALIZED_AUTOS = YES_AGGRESSIVE;
				GCC_WARN_UNUSED_FUNCTION = YES;
				GCC_WARN_UNUSED_VARIABLE = YES;
				IPHONEOS_DEPLOYMENT_TARGET = 13.1;
				MTL_ENABLE_DEBUG_INFO = INCLUDE_SOURCE;
				MTL_FAST_MATH = YES;
				ONLY_ACTIVE_ARCH = YES;
				SDKROOT = iphoneos;
				SWIFT_ACTIVE_COMPILATION_CONDITIONS = DEBUG;
				SWIFT_OPTIMIZATION_LEVEL = "-Onone";
			};
			name = Debug;
		};
		901C469A234FEF1500C28DF8 /* Release */ = {
			isa = XCBuildConfiguration;
			buildSettings = {
				ALWAYS_SEARCH_USER_PATHS = NO;
				CLANG_ANALYZER_NONNULL = YES;
				CLANG_ANALYZER_NUMBER_OBJECT_CONVERSION = YES_AGGRESSIVE;
				CLANG_CXX_LANGUAGE_STANDARD = "gnu++14";
				CLANG_CXX_LIBRARY = "libc++";
				CLANG_ENABLE_MODULES = YES;
				CLANG_ENABLE_OBJC_ARC = YES;
				CLANG_ENABLE_OBJC_WEAK = YES;
				CLANG_WARN_BLOCK_CAPTURE_AUTORELEASING = YES;
				CLANG_WARN_BOOL_CONVERSION = YES;
				CLANG_WARN_COMMA = YES;
				CLANG_WARN_CONSTANT_CONVERSION = YES;
				CLANG_WARN_DEPRECATED_OBJC_IMPLEMENTATIONS = YES;
				CLANG_WARN_DIRECT_OBJC_ISA_USAGE = YES_ERROR;
				CLANG_WARN_DOCUMENTATION_COMMENTS = YES;
				CLANG_WARN_EMPTY_BODY = YES;
				CLANG_WARN_ENUM_CONVERSION = YES;
				CLANG_WARN_INFINITE_RECURSION = YES;
				CLANG_WARN_INT_CONVERSION = YES;
				CLANG_WARN_NON_LITERAL_NULL_CONVERSION = YES;
				CLANG_WARN_OBJC_IMPLICIT_RETAIN_SELF = YES;
				CLANG_WARN_OBJC_LITERAL_CONVERSION = YES;
				CLANG_WARN_OBJC_ROOT_CLASS = YES_ERROR;
				CLANG_WARN_RANGE_LOOP_ANALYSIS = YES;
				CLANG_WARN_STRICT_PROTOTYPES = YES;
				CLANG_WARN_SUSPICIOUS_MOVE = YES;
				CLANG_WARN_UNGUARDED_AVAILABILITY = YES_AGGRESSIVE;
				CLANG_WARN_UNREACHABLE_CODE = YES;
				CLANG_WARN__DUPLICATE_METHOD_MATCH = YES;
				COPY_PHASE_STRIP = NO;
				DEBUG_INFORMATION_FORMAT = "dwarf-with-dsym";
				ENABLE_NS_ASSERTIONS = NO;
				ENABLE_STRICT_OBJC_MSGSEND = YES;
				GCC_C_LANGUAGE_STANDARD = gnu11;
				GCC_NO_COMMON_BLOCKS = YES;
				GCC_WARN_64_TO_32_BIT_CONVERSION = YES;
				GCC_WARN_ABOUT_RETURN_TYPE = YES_ERROR;
				GCC_WARN_UNDECLARED_SELECTOR = YES;
				GCC_WARN_UNINITIALIZED_AUTOS = YES_AGGRESSIVE;
				GCC_WARN_UNUSED_FUNCTION = YES;
				GCC_WARN_UNUSED_VARIABLE = YES;
				IPHONEOS_DEPLOYMENT_TARGET = 13.1;
				MTL_ENABLE_DEBUG_INFO = NO;
				MTL_FAST_MATH = YES;
				SDKROOT = iphoneos;
				SWIFT_COMPILATION_MODE = wholemodule;
				SWIFT_OPTIMIZATION_LEVEL = "-O";
				VALIDATE_PRODUCT = YES;
			};
			name = Release;
		};
		901C469C234FEF1500C28DF8 /* Debug */ = {
			isa = XCBuildConfiguration;
			buildSettings = {
				ASSETCATALOG_COMPILER_APPICON_NAME = AppIcon;
				CODE_SIGN_STYLE = Automatic;
				INFOPLIST_FILE = ToDo/Info.plist;
				IPHONEOS_DEPLOYMENT_TARGET = 12.1;
				LD_RUNPATH_SEARCH_PATHS = (
					"$(inherited)",
					"@executable_path/Frameworks",
				);
				ONLY_ACTIVE_ARCH = YES;
				PRODUCT_BUNDLE_IDENTIFIER = com.cesarpaiva.ToDo;
				PRODUCT_NAME = "$(TARGET_NAME)";
				SWIFT_VERSION = 4.2;
				TARGETED_DEVICE_FAMILY = 1;
			};
			name = Debug;
		};
		901C469D234FEF1500C28DF8 /* Release */ = {
			isa = XCBuildConfiguration;
			buildSettings = {
				ASSETCATALOG_COMPILER_APPICON_NAME = AppIcon;
				CODE_SIGN_STYLE = Automatic;
				INFOPLIST_FILE = ToDo/Info.plist;
				IPHONEOS_DEPLOYMENT_TARGET = 12.1;
				LD_RUNPATH_SEARCH_PATHS = (
					"$(inherited)",
					"@executable_path/Frameworks",
				);
				PRODUCT_BUNDLE_IDENTIFIER = com.cesarpaiva.ToDo;
				PRODUCT_NAME = "$(TARGET_NAME)";
				SWIFT_VERSION = 4.2;
				TARGETED_DEVICE_FAMILY = 1;
			};
			name = Release;
		};
		901C469F234FEF1500C28DF8 /* Debug */ = {
			isa = XCBuildConfiguration;
			buildSettings = {
				ALWAYS_EMBED_SWIFT_STANDARD_LIBRARIES = YES;
				BUNDLE_LOADER = "$(TEST_HOST)";
				CODE_SIGN_STYLE = Automatic;
				INFOPLIST_FILE = ToDoTests/Info.plist;
				IPHONEOS_DEPLOYMENT_TARGET = 12.1;
				LD_RUNPATH_SEARCH_PATHS = (
					"$(inherited)",
					"@executable_path/Frameworks",
					"@loader_path/Frameworks",
				);
				PRODUCT_BUNDLE_IDENTIFIER = com.cesarpaiva.ToDoTests;
				PRODUCT_NAME = "$(TARGET_NAME)";
				SWIFT_VERSION = 4.2;
				TARGETED_DEVICE_FAMILY = 1;
				TEST_HOST = "$(BUILT_PRODUCTS_DIR)/ToDo.app/ToDo";
			};
			name = Debug;
		};
		901C46A0234FEF1500C28DF8 /* Release */ = {
			isa = XCBuildConfiguration;
			buildSettings = {
				ALWAYS_EMBED_SWIFT_STANDARD_LIBRARIES = YES;
				BUNDLE_LOADER = "$(TEST_HOST)";
				CODE_SIGN_STYLE = Automatic;
				INFOPLIST_FILE = ToDoTests/Info.plist;
				IPHONEOS_DEPLOYMENT_TARGET = 12.1;
				LD_RUNPATH_SEARCH_PATHS = (
					"$(inherited)",
					"@executable_path/Frameworks",
					"@loader_path/Frameworks",
				);
				PRODUCT_BUNDLE_IDENTIFIER = com.cesarpaiva.ToDoTests;
				PRODUCT_NAME = "$(TARGET_NAME)";
				SWIFT_VERSION = 4.2;
				TARGETED_DEVICE_FAMILY = 1;
				TEST_HOST = "$(BUILT_PRODUCTS_DIR)/ToDo.app/ToDo";
			};
			name = Release;
		};
		90AA6B05236838C20049A951 /* Debug */ = {
			isa = XCBuildConfiguration;
			buildSettings = {
				CODE_SIGN_STYLE = Automatic;
				INFOPLIST_FILE = ToDoUITests/Info.plist;
				IPHONEOS_DEPLOYMENT_TARGET = 12.1;
				LD_RUNPATH_SEARCH_PATHS = (
					"$(inherited)",
					"@executable_path/Frameworks",
					"@loader_path/Frameworks",
				);
				PRODUCT_BUNDLE_IDENTIFIER = com.cesarpaiva.ToDoUITests;
				PRODUCT_NAME = "$(TARGET_NAME)";
				SWIFT_VERSION = 5.0;
				TARGETED_DEVICE_FAMILY = 1;
				TEST_TARGET_NAME = ToDo;
			};
			name = Debug;
		};
		90AA6B06236838C20049A951 /* Release */ = {
			isa = XCBuildConfiguration;
			buildSettings = {
				CODE_SIGN_STYLE = Automatic;
				INFOPLIST_FILE = ToDoUITests/Info.plist;
				IPHONEOS_DEPLOYMENT_TARGET = 12.1;
				LD_RUNPATH_SEARCH_PATHS = (
					"$(inherited)",
					"@executable_path/Frameworks",
					"@loader_path/Frameworks",
				);
				PRODUCT_BUNDLE_IDENTIFIER = com.cesarpaiva.ToDoUITests;
				PRODUCT_NAME = "$(TARGET_NAME)";
				SWIFT_VERSION = 5.0;
				TARGETED_DEVICE_FAMILY = 1;
				TEST_TARGET_NAME = ToDo;
			};
			name = Release;
		};
/* End XCBuildConfiguration section */

/* Begin XCConfigurationList section */
		901C4677234FEF1200C28DF8 /* Build configuration list for PBXProject "ToDo" */ = {
			isa = XCConfigurationList;
			buildConfigurations = (
				901C4699234FEF1500C28DF8 /* Debug */,
				901C469A234FEF1500C28DF8 /* Release */,
			);
			defaultConfigurationIsVisible = 0;
			defaultConfigurationName = Release;
		};
		901C469B234FEF1500C28DF8 /* Build configuration list for PBXNativeTarget "ToDo" */ = {
			isa = XCConfigurationList;
			buildConfigurations = (
				901C469C234FEF1500C28DF8 /* Debug */,
				901C469D234FEF1500C28DF8 /* Release */,
			);
			defaultConfigurationIsVisible = 0;
			defaultConfigurationName = Release;
		};
		901C469E234FEF1500C28DF8 /* Build configuration list for PBXNativeTarget "ToDoTests" */ = {
			isa = XCConfigurationList;
			buildConfigurations = (
				901C469F234FEF1500C28DF8 /* Debug */,
				901C46A0234FEF1500C28DF8 /* Release */,
			);
			defaultConfigurationIsVisible = 0;
			defaultConfigurationName = Release;
		};
		90AA6B07236838C20049A951 /* Build configuration list for PBXNativeTarget "ToDoUITests" */ = {
			isa = XCConfigurationList;
			buildConfigurations = (
				90AA6B05236838C20049A951 /* Debug */,
				90AA6B06236838C20049A951 /* Release */,
			);
			defaultConfigurationIsVisible = 0;
			defaultConfigurationName = Release;
		};
/* End XCConfigurationList section */
	};
	rootObject = 901C4674234FEF1200C28DF8 /* Project object */;
}
